
Microsoft Visual Studio Solution File, Format Version 12.00
# Visual Studio Version 17
VisualStudioVersion = 17.10.34928.147
MinimumVisualStudioVersion = 10.0.40219.1
Project("{FAE04EC0-301F-11D3-BF4B-00C04F79EFBC}") = "ShofyAPI", "ShofyAPI\ShofyAPI.csproj", "{1D2D2881-D1A2-48BC-B5EE-0F3D8CE29D53}"
EndProject
Global
	GlobalSection(SolutionConfigurationPlatforms) = preSolution
		Debug|Any CPU = Debug|Any CPU
		Release|Any CPU = Release|Any CPU
	EndGlobalSection
	GlobalSection(ProjectConfigurationPlatforms) = postSolution
		{1D2D2881-D1A2-48BC-B5EE-0F3D8CE29D53}.Debug|Any CPU.ActiveCfg = Debug|Any CPU
		{1D2D2881-D1A2-48BC-B5EE-0F3D8CE29D53}.Debug|Any CPU.Build.0 = Debug|Any CPU
		{1D2D2881-D1A2-48BC-B5EE-0F3D8CE29D53}.Release|Any CPU.ActiveCfg = Release|Any CPU
		{1D2D2881-D1A2-48BC-B5EE-0F3D8CE29D53}.Release|Any CPU.Build.0 = Release|Any CPU
	EndGlobalSection
	GlobalSection(SolutionProperties) = preSolution
		HideSolutionNode = FALSE
	EndGlobalSection
	GlobalSection(ExtensibilityGlobals) = postSolution
		SolutionGuid = {BFDBC490-07E0-427E-BC3E-467CB2A90539}
	EndGlobalSection
EndGlobal
